// !$*UTF8*$!
{
	archiveVersion = 1;
	classes = {
	};
	objectVersion = 46;
	objects = {

/* Begin PBXBuildFile section */
		32F678F91ED3430D0030928B /* AppDelegate.swift in Sources */ = {isa = PBXBuildFile; fileRef = 32F678F81ED3430D0030928B /* AppDelegate.swift */; };
		32F678FB1ED3430D0030928B /* ViewController.swift in Sources */ = {isa = PBXBuildFile; fileRef = 32F678FA1ED3430D0030928B /* ViewController.swift */; };
		32F678FE1ED3430D0030928B /* Main.storyboard in Resources */ = {isa = PBXBuildFile; fileRef = 32F678FC1ED3430D0030928B /* Main.storyboard */; };
		32F679001ED3430D0030928B /* Assets.xcassets in Resources */ = {isa = PBXBuildFile; fileRef = 32F678FF1ED3430D0030928B /* Assets.xcassets */; };
		32F679031ED3430D0030928B /* LaunchScreen.storyboard in Resources */ = {isa = PBXBuildFile; fileRef = 32F679011ED3430D0030928B /* LaunchScreen.storyboard */; };
/* End PBXBuildFile section */

/* Begin PBXFileReference section */
		32F678F51ED3430D0030928B /* baby.app */ = {isa = PBXFileReference; explicitFileType = wrapper.application; includeInIndex = 0; path = baby.app; sourceTree = BUILT_PRODUCTS_DIR; };
		32F678F81ED3430D0030928B /* AppDelegate.swift */ = {isa = PBXFileReference; lastKnownFileType = sourcecode.swift; path = AppDelegate.swift; sourceTree = "<group>"; };
		32F678FA1ED3430D0030928B /* ViewController.swift */ = {isa = PBXFileReference; lastKnownFileType = sourcecode.swift; path = ViewController.swift; sourceTree = "<group>"; };
		32F678FD1ED3430D0030928B /* Base */ = {isa = PBXFileReference; lastKnownFileType = file.storyboard; name = Base; path = Base.lproj/Main.storyboard; sourceTree = "<group>"; };
		32F678FF1ED3430D0030928B /* Assets.xcassets */ = {isa = PBXFileReference; lastKnownFileType = folder.assetcatalog; path = Assets.xcassets; sourceTree = "<group>"; };
		32F679021ED3430D0030928B /* Base */ = {isa = PBXFileReference; lastKnownFileType = file.storyboard; name = Base; path = Base.lproj/LaunchScreen.storyboard; sourceTree = "<group>"; };
		32F679041ED3430D0030928B /* Info.plist */ = {isa = PBXFileReference; lastKnownFileType = text.plist.xml; path = Info.plist; sourceTree = "<group>"; };
/* End PBXFileReference section */

/* Begin PBXFrameworksBuildPhase section */
		32F678F21ED3430D0030928B /* Frameworks */ = {
			isa = PBXFrameworksBuildPhase;
			buildActionMask = 2147483647;
			files = (
			);
			runOnlyForDeploymentPostprocessing = 0;
		};
/* End PBXFrameworksBuildPhase section */

/* Begin PBXGroup section */
		32F678EC1ED3430D0030928B = {
			isa = PBXGroup;
			children = (
				32F678F71ED3430D0030928B /* baby */,
				32F6790A1ED343250030928B /* New Group */,
				32F678F61ED3430D0030928B /* Products */,
			);
			sourceTree = "<group>";
		};
		32F678F61ED3430D0030928B /* Products */ = {
			isa = PBXGroup;
			children = (
				32F678F51ED3430D0030928B /* baby.app */,
			);
			name = Products;
			sourceTree = "<group>";
		};
		32F678F71ED3430D0030928B /* baby */ = {
			isa = PBXGroup;
			children = (
				32F678F81ED3430D0030928B /* AppDelegate.swift */,
				32F678FA1ED3430D0030928B /* ViewController.swift */,
				32F678FC1ED3430D0030928B /* Main.storyboard */,
			);
			path = baby;
			sourceTree = "<group>";
		};
		32F6790A1ED343250030928B /* New Group */ = {
			isa = PBXGroup;
			children = (
				32F678FF1ED3430D0030928B /* Assets.xcassets */,
				32F679011ED3430D0030928B /* LaunchScreen.storyboard */,
				32F679041ED3430D0030928B /* Info.plist */,
			);
			name = "New Group";
			path = baby;
			sourceTree = "<group>";
		};
/* End PBXGroup section */

/* Begin PBXNativeTarget section */
		32F678F41ED3430D0030928B /* baby */ = {
			isa = PBXNativeTarget;
			buildConfigurationList = 32F679071ED3430D0030928B /* Build configuration list for PBXNativeTarget "baby" */;
			buildPhases = (
				32F678F11ED3430D0030928B /* Sources */,
				32F678F21ED3430D0030928B /* Frameworks */,
				32F678F31ED3430D0030928B /* Resources */,
			);
			buildRules = (
			);
			dependencies = (
			);
			name = baby;
			productName = baby;
			productReference = 32F678F51ED3430D0030928B /* baby.app */;
			productType = "com.apple.product-type.application";
		};
/* End PBXNativeTarget section */

/* Begin PBXProject section */
		32F678ED1ED3430D0030928B /* Project object */ = {
			isa = PBXProject;
			attributes = {
				LastSwiftUpdateCheck = 0830;
				LastUpgradeCheck = 0830;
				ORGANIZATIONNAME = "Weien Wang";
				TargetAttributes = {
					32F678F41ED3430D0030928B = {
						CreatedOnToolsVersion = 8.3.2;
						DevelopmentTeam = JWPBL74653;
						ProvisioningStyle = Automatic;
					};
				};
			};
			buildConfigurationList = 32F678F01ED3430D0030928B /* Build configuration list for PBXProject "baby" */;
			compatibilityVersion = "Xcode 3.2";
			developmentRegion = English;
			hasScannedForEncodings = 0;
			knownRegions = (
				en,
				Base,
			);
			mainGroup = 32F678EC1ED3430D0030928B;
			productRefGroup = 32F678F61ED3430D0030928B /* Products */;
			projectDirPath = "";
			projectRoot = "";
			targets = (
				32F678F41ED3430D0030928B /* baby */,
			);
		};
/* End PBXProject section */

/* Begin PBXResourcesBuildPhase section */
		32F678F31ED3430D0030928B /* Resources */ = {
			isa = PBXResourcesBuildPhase;
			buildActionMask = 2147483647;
			files = (
				32F679031ED3430D0030928B /* LaunchScreen.storyboard in Resources */,
				32F679001ED3430D0030928B /* Assets.xcassets in Resources */,
				32F678FE1ED3430D0030928B /* Main.storyboard in Resources */,
			);
			runOnlyForDeploymentPostprocessing = 0;
		};
/* End PBXResourcesBuildPhase section */

/* Begin PBXSourcesBuildPhase section */
		32F678F11ED3430D0030928B /* Sources */ = {
			isa = PBXSourcesBuildPhase;
			buildActionMask = 2147483647;
			files = (
				32F678FB1ED3430D0030928B /* ViewController.swift in Sources */,
				32F678F91ED3430D0030928B /* AppDelegate.swift in Sources */,
			);
			runOnlyForDeploymentPostprocessing = 0;
		};
/* End PBXSourcesBuildPhase section */

/* Begin PBXVariantGroup section */
		32F678FC1ED3430D0030928B /* Main.storyboard */ = {
			isa = PBXVariantGroup;
			children = (
				32F678FD1ED3430D0030928B /* Base */,
			);
			name = Main.storyboard;
			sourceTree = "<group>";
		};
		32F679011ED3430D0030928B /* LaunchScreen.storyboard */ = {
			isa = PBXVariantGroup;
			children = (
				32F679021ED3430D0030928B /* Base */,
			);
			name = LaunchScreen.storyboard;
			sourceTree = "<group>";
		};
/* End PBXVariantGroup section */

/* Begin XCBuildConfiguration section */
		32F679051ED3430D0030928B /* Debug */ = {
			isa = XCBuildConfiguration;
			buildSettings = {
				ALWAYS_SEARCH_USER_PATHS = NO;
				CLANG_ANALYZER_NONNULL = YES;
				CLANG_ANALYZER_NUMBER_OBJECT_CONVERSION = YES_AGGRESSIVE;
				CLANG_CXX_LANGUAGE_STANDARD = "gnu++0x";
				CLANG_CXX_LIBRARY = "libc++";
				CLANG_ENABLE_MODULES = YES;
				CLANG_ENABLE_OBJC_ARC = YES;
				CLANG_WARN_BOOL_CONVERSION = YES;
				CLANG_WARN_CONSTANT_CONVERSION = YES;
				CLANG_WARN_DIRECT_OBJC_ISA_USAGE = YES_ERROR;
				CLANG_WARN_DOCUMENTATION_COMMENTS = YES;
				CLANG_WARN_EMPTY_BODY = YES;
				CLANG_WARN_ENUM_CONVERSION = YES;
				CLANG_WARN_INFINITE_RECURSION = YES;
				CLANG_WARN_INT_CONVERSION = YES;
				CLANG_WARN_OBJC_ROOT_CLASS = YES_ERROR;
				CLANG_WARN_SUSPICIOUS_MOVE = YES;
				CLANG_WARN_UNREACHABLE_CODE = YES;
				CLANG_WARN__DUPLICATE_METHOD_MATCH = YES;
				"CODE_SIGN_IDENTITY[sdk=iphoneos*]" = "iPhone Developer";
				COPY_PHASE_STRIP = NO;
				DEBUG_INFORMATION_FORMAT = dwarf;
				ENABLE_STRICT_OBJC_MSGSEND = YES;
				ENABLE_TESTABILITY = YES;
				GCC_C_LANGUAGE_STANDARD = gnu99;
				GCC_DYNAMIC_NO_PIC = NO;
				GCC_NO_COMMON_BLOCKS = YES;
				GCC_OPTIMIZATION_LEVEL = 0;
				GCC_PREPROCESSOR_DEFINITIONS = (
					"DEBUG=1",
					"$(inherited)",
				);
				GCC_WARN_64_TO_32_BIT_CONVERSION = YES;
				GCC_WARN_ABOUT_RETURN_TYPE = YES_ERROR;
				GCC_WARN_UNDECLARED_SELECTOR = YES;
				GCC_WARN_UNINITIALIZED_AUTOS = YES_AGGRESSIVE;
				GCC_WARN_UNUSED_FUNCTION = YES;
				GCC_WARN_UNUSED_VARIABLE = YES;
				IPHONEOS_DEPLOYMENT_TARGET = 10.3;
				MTL_ENABLE_DEBUG_INFO = YES;
				ONLY_ACTIVE_ARCH = YES;
				SDKROOT = iphoneos;
				SWIFT_ACTIVE_COMPILATION_CONDITIONS = DEBUG;
				SWIFT_OPTIMIZATION_LEVEL = "-Onone";
			};
			name = Debug;
		};
		32F679061ED3430D0030928B /* Release */ = {
			isa = XCBuildConfiguration;
			buildSettings = {
				ALWAYS_SEARCH_USER_PATHS = NO;
				CLANG_ANALYZER_NONNULL = YES;
				CLANG_ANALYZER_NUMBER_OBJECT_CONVERSION = YES_AGGRESSIVE;
				CLANG_CXX_LANGUAGE_STANDARD = "gnu++0x";
				CLANG_CXX_LIBRARY = "libc++";
				CLANG_ENABLE_MODULES = YES;
				CLANG_ENABLE_OBJC_ARC = YES;
				CLANG_WARN_BOOL_CONVERSION = YES;
				CLANG_WARN_CONSTANT_CONVERSION = YES;
				CLANG_WARN_DIRECT_OBJC_ISA_USAGE = YES_ERROR;
				CLANG_WARN_DOCUMENTATION_COMMENTS = YES;
				CLANG_WARN_EMPTY_BODY = YES;
				CLANG_WARN_ENUM_CONVERSION = YES;
				CLANG_WARN_INFINITE_RECURSION = YES;
				CLANG_WARN_INT_CONVERSION = YES;
				CLANG_WARN_OBJC_ROOT_CLASS = YES_ERROR;
				CLANG_WARN_SUSPICIOUS_MOVE = YES;
				CLANG_WARN_UNREACHABLE_CODE = YES;
				CLANG_WARN__DUPLICATE_METHOD_MATCH = YES;
				"CODE_SIGN_IDENTITY[sdk=iphoneos*]" = "iPhone Developer";
				COPY_PHASE_STRIP = NO;
				DEBUG_INFORMATION_FORMAT = "dwarf-with-dsym";
				ENABLE_NS_ASSERTIONS = NO;
				ENABLE_STRICT_OBJC_MSGSEND = YES;
				GCC_C_LANGUAGE_STANDARD = gnu99;
				GCC_NO_COMMON_BLOCKS = YES;
				GCC_WARN_64_TO_32_BIT_CONVERSION = YES;
				GCC_WARN_ABOUT_RETURN_TYPE = YES_ERROR;
				GCC_WARN_UNDECLARED_SELECTOR = YES;
				GCC_WARN_UNINITIALIZED_AUTOS = YES_AGGRESSIVE;
				GCC_WARN_UNUSED_FUNCTION = YES;
				GCC_WARN_UNUSED_VARIABLE = YES;
				IPHONEOS_DEPLOYMENT_TARGET = 10.3;
				MTL_ENABLE_DEBUG_INFO = NO;
				SDKROOT = iphoneos;
				SWIFT_OPTIMIZATION_LEVEL = "-Owholemodule";
				VALIDATE_PRODUCT = YES;
			};
			name = Release;
		};
		32F679081ED3430D0030928B /* Debug */ = {
			isa = XCBuildConfiguration;
			buildSettings = {
				ASSETCATALOG_COMPILER_APPICON_NAME = AppIcon;
				DEVELOPMENT_TEAM = JWPBL74653;
				INFOPLIST_FILE = baby/Info.plist;
				LD_RUNPATH_SEARCH_PATHS = "$(inherited) @executable_path/Frameworks";
				PRODUCT_BUNDLE_IDENTIFIER = test.baby;
				PRODUCT_NAME = "$(TARGET_NAME)";
				SWIFT_VERSION = 3.0;
			};
			name = Debug;
		};
		32F679091ED3430D0030928B /* Release */ = {
			isa = XCBuildConfiguration;
			buildSettings = {
				ASSETCATALOG_COMPILER_APPICON_NAME = AppIcon;
				DEVELOPMENT_TEAM = JWPBL74653;
				INFOPLIST_FILE = baby/Info.plist;
				LD_RUNPATH_SEARCH_PATHS = "$(inherited) @executable_path/Frameworks";
				PRODUCT_BUNDLE_IDENTIFIER = test.baby;
				PRODUCT_NAME = "$(TARGET_NAME)";
				SWIFT_VERSION = 3.0;
			};
			name = Release;
		};
/* End XCBuildConfiguration section */

/* Begin XCConfigurationList section */
		32F678F01ED3430D0030928B /* Build configuration list for PBXProject "baby" */ = {
			isa = XCConfigurationList;
			buildConfigurations = (
				32F679051ED3430D0030928B /* Debug */,
				32F679061ED3430D0030928B /* Release */,
			);
			defaultConfigurationIsVisible = 0;
			defaultConfigurationName = Release;
		};
		32F679071ED3430D0030928B /* Build configuration list for PBXNativeTarget "baby" */ = {
			isa = XCConfigurationList;
			buildConfigurations = (
				32F679081ED3430D0030928B /* Debug */,
				32F679091ED3430D0030928B /* Release */,
			);
			defaultConfigurationIsVisible = 0;
		};
/* End XCConfigurationList section */
	};
	rootObject = 32F678ED1ED3430D0030928B /* Project object */;
}
